// !$*UTF8*$!
{
	archiveVersion = 1;
	classes = {
	};
	objectVersion = 46;
	objects = {

/* Begin PBXBuildFile section */
		B80CA6641CCC35D90034C0A1 /* map.png in Resources */ = {isa = PBXBuildFile; fileRef = B80CA6631CCC35D90034C0A1 /* map.png */; };
		B80CA6661CCC36450034C0A1 /* map2.png in Resources */ = {isa = PBXBuildFile; fileRef = B80CA6651CCC36450034C0A1 /* map2.png */; };
		B80CA6681CCC39840034C0A1 /* people.png in Resources */ = {isa = PBXBuildFile; fileRef = B80CA6671CCC39840034C0A1 /* people.png */; };
		B80CA66A1CCC39E40034C0A1 /* transport.png in Resources */ = {isa = PBXBuildFile; fileRef = B80CA6691CCC39E40034C0A1 /* transport.png */; };
		B80CA66C1CCC3BD50034C0A1 /* astro.png in Resources */ = {isa = PBXBuildFile; fileRef = B80CA66B1CCC3BD50034C0A1 /* astro.png */; };
		B80CA6701CCC3E3B0034C0A1 /* shapes.png in Resources */ = {isa = PBXBuildFile; fileRef = B80CA66F1CCC3E3B0034C0A1 /* shapes.png */; };
		B80CA6891CCC4C760034C0A1 /* frame_14.gif in Resources */ = {isa = PBXBuildFile; fileRef = B80CA67A1CCC4C760034C0A1 /* frame_14.gif */; };
		B80CA68A1CCC4C760034C0A1 /* frame_13.gif in Resources */ = {isa = PBXBuildFile; fileRef = B80CA67B1CCC4C760034C0A1 /* frame_13.gif */; };
		B80CA68B1CCC4C760034C0A1 /* frame_12.gif in Resources */ = {isa = PBXBuildFile; fileRef = B80CA67C1CCC4C760034C0A1 /* frame_12.gif */; };
		B80CA68C1CCC4C760034C0A1 /* frame_11.gif in Resources */ = {isa = PBXBuildFile; fileRef = B80CA67D1CCC4C760034C0A1 /* frame_11.gif */; };
		B80CA68D1CCC4C760034C0A1 /* frame_10.gif in Resources */ = {isa = PBXBuildFile; fileRef = B80CA67E1CCC4C760034C0A1 /* frame_10.gif */; };
		B80CA68E1CCC4C760034C0A1 /* frame_9.gif in Resources */ = {isa = PBXBuildFile; fileRef = B80CA67F1CCC4C760034C0A1 /* frame_9.gif */; };
		B80CA68F1CCC4C760034C0A1 /* frame_8.gif in Resources */ = {isa = PBXBuildFile; fileRef = B80CA6801CCC4C760034C0A1 /* frame_8.gif */; };
		B80CA6901CCC4C760034C0A1 /* frame_7.gif in Resources */ = {isa = PBXBuildFile; fileRef = B80CA6811CCC4C760034C0A1 /* frame_7.gif */; };
		B80CA6911CCC4C760034C0A1 /* frame_6.gif in Resources */ = {isa = PBXBuildFile; fileRef = B80CA6821CCC4C760034C0A1 /* frame_6.gif */; };
		B80CA6921CCC4C760034C0A1 /* frame_5.gif in Resources */ = {isa = PBXBuildFile; fileRef = B80CA6831CCC4C760034C0A1 /* frame_5.gif */; };
		B80CA6931CCC4C760034C0A1 /* frame_4.gif in Resources */ = {isa = PBXBuildFile; fileRef = B80CA6841CCC4C760034C0A1 /* frame_4.gif */; };
		B80CA6941CCC4C760034C0A1 /* frame_3.gif in Resources */ = {isa = PBXBuildFile; fileRef = B80CA6851CCC4C760034C0A1 /* frame_3.gif */; };
		B80CA6951CCC4C760034C0A1 /* frame_2.gif in Resources */ = {isa = PBXBuildFile; fileRef = B80CA6861CCC4C760034C0A1 /* frame_2.gif */; };
		B80CA6961CCC4C760034C0A1 /* frame_1.gif in Resources */ = {isa = PBXBuildFile; fileRef = B80CA6871CCC4C760034C0A1 /* frame_1.gif */; };
		B80CA6971CCC4C760034C0A1 /* frame_0.gif in Resources */ = {isa = PBXBuildFile; fileRef = B80CA6881CCC4C760034C0A1 /* frame_0.gif */; };
		B80CA69C1CCCAE130034C0A1 /* n1.wav in Resources */ = {isa = PBXBuildFile; fileRef = B80CA6991CCCAE130034C0A1 /* n1.wav */; };
		B80CA69D1CCCAE130034C0A1 /* n2.wav in Resources */ = {isa = PBXBuildFile; fileRef = B80CA69A1CCCAE130034C0A1 /* n2.wav */; };
		B80CA69E1CCCAE130034C0A1 /* n3.wav in Resources */ = {isa = PBXBuildFile; fileRef = B80CA69B1CCCAE130034C0A1 /* n3.wav */; };
		B80CA6A01CCCAE1C0034C0A1 /* d1.wav in Resources */ = {isa = PBXBuildFile; fileRef = B80CA69F1CCCAE1C0034C0A1 /* d1.wav */; };
		B80CA6A51CCCB5AB0034C0A1 /* f1_graph.jpeg in Resources */ = {isa = PBXBuildFile; fileRef = B80CA6A41CCCB5AB0034C0A1 /* f1_graph.jpeg */; };
		B80CA6A71CCCB8760034C0A1 /* n3_graph.jpg in Resources */ = {isa = PBXBuildFile; fileRef = B80CA6A61CCCB8760034C0A1 /* n3_graph.jpg */; };
		B80CA6A91CCCB8ED0034C0A1 /* n1_graph.jpeg in Resources */ = {isa = PBXBuildFile; fileRef = B80CA6A81CCCB8ED0034C0A1 /* n1_graph.jpeg */; };
		B80CA6AB1CCCB8FD0034C0A1 /* d1_graph.jpeg in Resources */ = {isa = PBXBuildFile; fileRef = B80CA6AA1CCCB8FD0034C0A1 /* d1_graph.jpeg */; };
		B80CA6AD1CCCB90D0034C0A1 /* n2_graph.jpg in Resources */ = {isa = PBXBuildFile; fileRef = B80CA6AC1CCCB90D0034C0A1 /* n2_graph.jpg */; };
		B80CA6B01CCCBCDD0034C0A1 /* HoloViewController.m in Sources */ = {isa = PBXBuildFile; fileRef = B80CA6AF1CCCBCDD0034C0A1 /* HoloViewController.m */; };
		B8BA1F0F1CCCBFE300D2CBB6 /* AVKit.framework in Frameworks */ = {isa = PBXBuildFile; fileRef = B8BA1F0E1CCCBFE300D2CBB6 /* AVKit.framework */; };
		B8DB2C291CCBDFEC00199ACC /* AVFoundation.framework in Frameworks */ = {isa = PBXBuildFile; fileRef = B8F7E17E1CCB0B63003EDA4C /* AVFoundation.framework */; };
		B8DB2C2D1CCBEE2B00199ACC /* MediaPlayer.framework in Frameworks */ = {isa = PBXBuildFile; fileRef = B8DB2C2C1CCBEE2B00199ACC /* MediaPlayer.framework */; };
		B8DB2C2F1CCBF35C00199ACC /* AudioToolbox.framework in Frameworks */ = {isa = PBXBuildFile; fileRef = B8DB2C2E1CCBF35C00199ACC /* AudioToolbox.framework */; };
		B8F7E14D1CCAFBC6003EDA4C /* main.m in Sources */ = {isa = PBXBuildFile; fileRef = B8F7E14C1CCAFBC6003EDA4C /* main.m */; };
		B8F7E1501CCAFBC6003EDA4C /* AppDelegate.m in Sources */ = {isa = PBXBuildFile; fileRef = B8F7E14F1CCAFBC6003EDA4C /* AppDelegate.m */; };
		B8F7E1531CCAFBC6003EDA4C /* ViewController.m in Sources */ = {isa = PBXBuildFile; fileRef = B8F7E1521CCAFBC6003EDA4C /* ViewController.m */; };
		B8F7E1561CCAFBC6003EDA4C /* Main.storyboard in Resources */ = {isa = PBXBuildFile; fileRef = B8F7E1541CCAFBC6003EDA4C /* Main.storyboard */; };
		B8F7E1581CCAFBC6003EDA4C /* Assets.xcassets in Resources */ = {isa = PBXBuildFile; fileRef = B8F7E1571CCAFBC6003EDA4C /* Assets.xcassets */; };
		B8F7E15B1CCAFBC6003EDA4C /* LaunchScreen.storyboard in Resources */ = {isa = PBXBuildFile; fileRef = B8F7E1591CCAFBC6003EDA4C /* LaunchScreen.storyboard */; };
		B8F7E1661CCAFBC6003EDA4C /* BOOMTests.m in Sources */ = {isa = PBXBuildFile; fileRef = B8F7E1651CCAFBC6003EDA4C /* BOOMTests.m */; };
		B8F7E1711CCAFBC6003EDA4C /* BOOMUITests.m in Sources */ = {isa = PBXBuildFile; fileRef = B8F7E1701CCAFBC6003EDA4C /* BOOMUITests.m */; };
		B8F7E1811CCB0F0A003EDA4C /* image.jpeg in Resources */ = {isa = PBXBuildFile; fileRef = B8F7E1801CCB0F0A003EDA4C /* image.jpeg */; };
		B8F7E1831CCB10A7003EDA4C /* f1.wav in Resources */ = {isa = PBXBuildFile; fileRef = B8F7E1821CCB10A7003EDA4C /* f1.wav */; };
		B8F7E18A1CCB4DB6003EDA4C /* jet.png in Resources */ = {isa = PBXBuildFile; fileRef = B8F7E1891CCB4DB6003EDA4C /* jet.png */; };
/* End PBXBuildFile section */

/* Begin PBXContainerItemProxy section */
		B8F7E1621CCAFBC6003EDA4C /* PBXContainerItemProxy */ = {
			isa = PBXContainerItemProxy;
			containerPortal = B8F7E1401CCAFBC6003EDA4C /* Project object */;
			proxyType = 1;
			remoteGlobalIDString = B8F7E1471CCAFBC6003EDA4C;
			remoteInfo = BOOM;
		};
		B8F7E16D1CCAFBC6003EDA4C /* PBXContainerItemProxy */ = {
			isa = PBXContainerItemProxy;
			containerPortal = B8F7E1401CCAFBC6003EDA4C /* Project object */;
			proxyType = 1;
			remoteGlobalIDString = B8F7E1471CCAFBC6003EDA4C;
			remoteInfo = BOOM;
		};
/* End PBXContainerItemProxy section */

/* Begin PBXFileReference section */
		B80CA6631CCC35D90034C0A1 /* map.png */ = {isa = PBXFileReference; lastKnownFileType = image.png; path = map.png; sourceTree = "<group>"; };
		B80CA6651CCC36450034C0A1 /* map2.png */ = {isa = PBXFileReference; lastKnownFileType = image.png; path = map2.png; sourceTree = "<group>"; };
		B80CA6671CCC39840034C0A1 /* people.png */ = {isa = PBXFileReference; lastKnownFileType = image.png; path = people.png; sourceTree = "<group>"; };
		B80CA6691CCC39E40034C0A1 /* transport.png */ = {isa = PBXFileReference; lastKnownFileType = image.png; path = transport.png; sourceTree = "<group>"; };
		B80CA66B1CCC3BD50034C0A1 /* astro.png */ = {isa = PBXFileReference; lastKnownFileType = image.png; path = astro.png; sourceTree = "<group>"; };
		B80CA66F1CCC3E3B0034C0A1 /* shapes.png */ = {isa = PBXFileReference; lastKnownFileType = image.png; path = shapes.png; sourceTree = "<group>"; };
		B80CA67A1CCC4C760034C0A1 /* frame_14.gif */ = {isa = PBXFileReference; lastKnownFileType = image.gif; path = frame_14.gif; sourceTree = "<group>"; };
		B80CA67B1CCC4C760034C0A1 /* frame_13.gif */ = {isa = PBXFileReference; lastKnownFileType = image.gif; path = frame_13.gif; sourceTree = "<group>"; };
		B80CA67C1CCC4C760034C0A1 /* frame_12.gif */ = {isa = PBXFileReference; lastKnownFileType = image.gif; path = frame_12.gif; sourceTree = "<group>"; };
		B80CA67D1CCC4C760034C0A1 /* frame_11.gif */ = {isa = PBXFileReference; lastKnownFileType = image.gif; path = frame_11.gif; sourceTree = "<group>"; };
		B80CA67E1CCC4C760034C0A1 /* frame_10.gif */ = {isa = PBXFileReference; lastKnownFileType = image.gif; path = frame_10.gif; sourceTree = "<group>"; };
		B80CA67F1CCC4C760034C0A1 /* frame_9.gif */ = {isa = PBXFileReference; lastKnownFileType = image.gif; path = frame_9.gif; sourceTree = "<group>"; };
		B80CA6801CCC4C760034C0A1 /* frame_8.gif */ = {isa = PBXFileReference; lastKnownFileType = image.gif; path = frame_8.gif; sourceTree = "<group>"; };
		B80CA6811CCC4C760034C0A1 /* frame_7.gif */ = {isa = PBXFileReference; lastKnownFileType = image.gif; path = frame_7.gif; sourceTree = "<group>"; };
		B80CA6821CCC4C760034C0A1 /* frame_6.gif */ = {isa = PBXFileReference; lastKnownFileType = image.gif; path = frame_6.gif; sourceTree = "<group>"; };
		B80CA6831CCC4C760034C0A1 /* frame_5.gif */ = {isa = PBXFileReference; lastKnownFileType = image.gif; path = frame_5.gif; sourceTree = "<group>"; };
		B80CA6841CCC4C760034C0A1 /* frame_4.gif */ = {isa = PBXFileReference; lastKnownFileType = image.gif; path = frame_4.gif; sourceTree = "<group>"; };
		B80CA6851CCC4C760034C0A1 /* frame_3.gif */ = {isa = PBXFileReference; lastKnownFileType = image.gif; path = frame_3.gif; sourceTree = "<group>"; };
		B80CA6861CCC4C760034C0A1 /* frame_2.gif */ = {isa = PBXFileReference; lastKnownFileType = image.gif; path = frame_2.gif; sourceTree = "<group>"; };
		B80CA6871CCC4C760034C0A1 /* frame_1.gif */ = {isa = PBXFileReference; lastKnownFileType = image.gif; path = frame_1.gif; sourceTree = "<group>"; };
		B80CA6881CCC4C760034C0A1 /* frame_0.gif */ = {isa = PBXFileReference; lastKnownFileType = image.gif; path = frame_0.gif; sourceTree = "<group>"; };
		B80CA6991CCCAE130034C0A1 /* n1.wav */ = {isa = PBXFileReference; lastKnownFileType = audio.wav; path = n1.wav; sourceTree = "<group>"; };
		B80CA69A1CCCAE130034C0A1 /* n2.wav */ = {isa = PBXFileReference; lastKnownFileType = audio.wav; path = n2.wav; sourceTree = "<group>"; };
		B80CA69B1CCCAE130034C0A1 /* n3.wav */ = {isa = PBXFileReference; lastKnownFileType = audio.wav; path = n3.wav; sourceTree = "<group>"; };
		B80CA69F1CCCAE1C0034C0A1 /* d1.wav */ = {isa = PBXFileReference; lastKnownFileType = audio.wav; path = d1.wav; sourceTree = "<group>"; };
		B80CA6A41CCCB5AB0034C0A1 /* f1_graph.jpeg */ = {isa = PBXFileReference; lastKnownFileType = image.jpeg; path = f1_graph.jpeg; sourceTree = "<group>"; };
		B80CA6A61CCCB8760034C0A1 /* n3_graph.jpg */ = {isa = PBXFileReference; lastKnownFileType = image.jpeg; path = n3_graph.jpg; sourceTree = "<group>"; };
		B80CA6A81CCCB8ED0034C0A1 /* n1_graph.jpeg */ = {isa = PBXFileReference; lastKnownFileType = image.jpeg; path = n1_graph.jpeg; sourceTree = "<group>"; };
		B80CA6AA1CCCB8FD0034C0A1 /* d1_graph.jpeg */ = {isa = PBXFileReference; lastKnownFileType = image.jpeg; path = d1_graph.jpeg; sourceTree = "<group>"; };
		B80CA6AC1CCCB90D0034C0A1 /* n2_graph.jpg */ = {isa = PBXFileReference; lastKnownFileType = image.jpeg; path = n2_graph.jpg; sourceTree = "<group>"; };
		B80CA6AE1CCCBCDD0034C0A1 /* HoloViewController.h */ = {isa = PBXFileReference; fileEncoding = 4; lastKnownFileType = sourcecode.c.h; path = HoloViewController.h; sourceTree = "<group>"; };
		B80CA6AF1CCCBCDD0034C0A1 /* HoloViewController.m */ = {isa = PBXFileReference; fileEncoding = 4; lastKnownFileType = sourcecode.c.objc; path = HoloViewController.m; sourceTree = "<group>"; };
		B8BA1F0E1CCCBFE300D2CBB6 /* AVKit.framework */ = {isa = PBXFileReference; lastKnownFileType = wrapper.framework; name = AVKit.framework; path = System/Library/Frameworks/AVKit.framework; sourceTree = SDKROOT; };
		B8DB2C2C1CCBEE2B00199ACC /* MediaPlayer.framework */ = {isa = PBXFileReference; lastKnownFileType = wrapper.framework; name = MediaPlayer.framework; path = System/Library/Frameworks/MediaPlayer.framework; sourceTree = SDKROOT; };
		B8DB2C2E1CCBF35C00199ACC /* AudioToolbox.framework */ = {isa = PBXFileReference; lastKnownFileType = wrapper.framework; name = AudioToolbox.framework; path = System/Library/Frameworks/AudioToolbox.framework; sourceTree = SDKROOT; };
		B8F7E1481CCAFBC6003EDA4C /* BOOM.app */ = {isa = PBXFileReference; explicitFileType = wrapper.application; includeInIndex = 0; path = BOOM.app; sourceTree = BUILT_PRODUCTS_DIR; };
		B8F7E14C1CCAFBC6003EDA4C /* main.m */ = {isa = PBXFileReference; lastKnownFileType = sourcecode.c.objc; path = main.m; sourceTree = "<group>"; };
		B8F7E14E1CCAFBC6003EDA4C /* AppDelegate.h */ = {isa = PBXFileReference; lastKnownFileType = sourcecode.c.h; path = AppDelegate.h; sourceTree = "<group>"; };
		B8F7E14F1CCAFBC6003EDA4C /* AppDelegate.m */ = {isa = PBXFileReference; lastKnownFileType = sourcecode.c.objc; path = AppDelegate.m; sourceTree = "<group>"; };
		B8F7E1511CCAFBC6003EDA4C /* ViewController.h */ = {isa = PBXFileReference; lastKnownFileType = sourcecode.c.h; path = ViewController.h; sourceTree = "<group>"; };
		B8F7E1521CCAFBC6003EDA4C /* ViewController.m */ = {isa = PBXFileReference; lastKnownFileType = sourcecode.c.objc; path = ViewController.m; sourceTree = "<group>"; };
		B8F7E1551CCAFBC6003EDA4C /* Base */ = {isa = PBXFileReference; lastKnownFileType = file.storyboard; name = Base; path = Base.lproj/Main.storyboard; sourceTree = "<group>"; };
		B8F7E1571CCAFBC6003EDA4C /* Assets.xcassets */ = {isa = PBXFileReference; lastKnownFileType = folder.assetcatalog; path = Assets.xcassets; sourceTree = "<group>"; };
		B8F7E15A1CCAFBC6003EDA4C /* Base */ = {isa = PBXFileReference; lastKnownFileType = file.storyboard; name = Base; path = Base.lproj/LaunchScreen.storyboard; sourceTree = "<group>"; };
		B8F7E15C1CCAFBC6003EDA4C /* Info.plist */ = {isa = PBXFileReference; lastKnownFileType = text.plist.xml; path = Info.plist; sourceTree = "<group>"; };
		B8F7E1611CCAFBC6003EDA4C /* BOOMTests.xctest */ = {isa = PBXFileReference; explicitFileType = wrapper.cfbundle; includeInIndex = 0; path = BOOMTests.xctest; sourceTree = BUILT_PRODUCTS_DIR; };
		B8F7E1651CCAFBC6003EDA4C /* BOOMTests.m */ = {isa = PBXFileReference; lastKnownFileType = sourcecode.c.objc; path = BOOMTests.m; sourceTree = "<group>"; };
		B8F7E1671CCAFBC6003EDA4C /* Info.plist */ = {isa = PBXFileReference; lastKnownFileType = text.plist.xml; path = Info.plist; sourceTree = "<group>"; };
		B8F7E16C1CCAFBC6003EDA4C /* BOOMUITests.xctest */ = {isa = PBXFileReference; explicitFileType = wrapper.cfbundle; includeInIndex = 0; path = BOOMUITests.xctest; sourceTree = BUILT_PRODUCTS_DIR; };
		B8F7E1701CCAFBC6003EDA4C /* BOOMUITests.m */ = {isa = PBXFileReference; lastKnownFileType = sourcecode.c.objc; path = BOOMUITests.m; sourceTree = "<group>"; };
		B8F7E1721CCAFBC6003EDA4C /* Info.plist */ = {isa = PBXFileReference; lastKnownFileType = text.plist.xml; path = Info.plist; sourceTree = "<group>"; };
		B8F7E17E1CCB0B63003EDA4C /* AVFoundation.framework */ = {isa = PBXFileReference; lastKnownFileType = wrapper.framework; name = AVFoundation.framework; path = System/Library/Frameworks/AVFoundation.framework; sourceTree = SDKROOT; };
		B8F7E1801CCB0F0A003EDA4C /* image.jpeg */ = {isa = PBXFileReference; lastKnownFileType = image.jpeg; path = image.jpeg; sourceTree = "<group>"; };
		B8F7E1821CCB10A7003EDA4C /* f1.wav */ = {isa = PBXFileReference; lastKnownFileType = audio.wav; path = f1.wav; sourceTree = "<group>"; };
		B8F7E1891CCB4DB6003EDA4C /* jet.png */ = {isa = PBXFileReference; lastKnownFileType = image.png; path = jet.png; sourceTree = "<group>"; };
/* End PBXFileReference section */

/* Begin PBXFrameworksBuildPhase section */
		B8F7E1451CCAFBC6003EDA4C /* Frameworks */ = {
			isa = PBXFrameworksBuildPhase;
			buildActionMask = 2147483647;
			files = (
				B8BA1F0F1CCCBFE300D2CBB6 /* AVKit.framework in Frameworks */,
				B8DB2C2F1CCBF35C00199ACC /* AudioToolbox.framework in Frameworks */,
				B8DB2C2D1CCBEE2B00199ACC /* MediaPlayer.framework in Frameworks */,
				B8DB2C291CCBDFEC00199ACC /* AVFoundation.framework in Frameworks */,
			);
			runOnlyForDeploymentPostprocessing = 0;
		};
		B8F7E15E1CCAFBC6003EDA4C /* Frameworks */ = {
			isa = PBXFrameworksBuildPhase;
			buildActionMask = 2147483647;
			files = (
			);
			runOnlyForDeploymentPostprocessing = 0;
		};
		B8F7E1691CCAFBC6003EDA4C /* Frameworks */ = {
			isa = PBXFrameworksBuildPhase;
			buildActionMask = 2147483647;
			files = (
			);
			runOnlyForDeploymentPostprocessing = 0;
		};
/* End PBXFrameworksBuildPhase section */

/* Begin PBXGroup section */
		B80CA6791CCC4B650034C0A1 /* contour */ = {
			isa = PBXGroup;
			children = (
				B80CA67A1CCC4C760034C0A1 /* frame_14.gif */,
				B80CA67B1CCC4C760034C0A1 /* frame_13.gif */,
				B80CA67C1CCC4C760034C0A1 /* frame_12.gif */,
				B80CA67D1CCC4C760034C0A1 /* frame_11.gif */,
				B80CA67E1CCC4C760034C0A1 /* frame_10.gif */,
				B80CA67F1CCC4C760034C0A1 /* frame_9.gif */,
				B80CA6801CCC4C760034C0A1 /* frame_8.gif */,
				B80CA6811CCC4C760034C0A1 /* frame_7.gif */,
				B80CA6821CCC4C760034C0A1 /* frame_6.gif */,
				B80CA6831CCC4C760034C0A1 /* frame_5.gif */,
				B80CA6841CCC4C760034C0A1 /* frame_4.gif */,
				B80CA6851CCC4C760034C0A1 /* frame_3.gif */,
				B80CA6861CCC4C760034C0A1 /* frame_2.gif */,
				B80CA6871CCC4C760034C0A1 /* frame_1.gif */,
				B80CA6881CCC4C760034C0A1 /* frame_0.gif */,
			);
			name = contour;
			sourceTree = "<group>";
		};
		B80CA6981CCCAE050034C0A1 /* wav */ = {
			isa = PBXGroup;
			children = (
				B80CA69F1CCCAE1C0034C0A1 /* d1.wav */,
				B80CA6991CCCAE130034C0A1 /* n1.wav */,
				B80CA69A1CCCAE130034C0A1 /* n2.wav */,
				B80CA69B1CCCAE130034C0A1 /* n3.wav */,
				B8F7E1821CCB10A7003EDA4C /* f1.wav */,
			);
			name = wav;
			sourceTree = "<group>";
		};
		B80CA6A11CCCB50E0034C0A1 /* graphs */ = {
			isa = PBXGroup;
			children = (
				B80CA6A61CCCB8760034C0A1 /* n3_graph.jpg */,
				B80CA6AA1CCCB8FD0034C0A1 /* d1_graph.jpeg */,
				B80CA6AC1CCCB90D0034C0A1 /* n2_graph.jpg */,
				B80CA6A81CCCB8ED0034C0A1 /* n1_graph.jpeg */,
				B80CA6A41CCCB5AB0034C0A1 /* f1_graph.jpeg */,
			);
			name = graphs;
			sourceTree = "<group>";
		};
		B8F7E13F1CCAFBC6003EDA4C = {
			isa = PBXGroup;
			children = (
				B8BA1F0E1CCCBFE300D2CBB6 /* AVKit.framework */,
				B8DB2C2E1CCBF35C00199ACC /* AudioToolbox.framework */,
				B8DB2C2C1CCBEE2B00199ACC /* MediaPlayer.framework */,
				B8F7E17E1CCB0B63003EDA4C /* AVFoundation.framework */,
				B8F7E14A1CCAFBC6003EDA4C /* BOOM */,
				B8F7E1641CCAFBC6003EDA4C /* BOOMTests */,
				B8F7E16F1CCAFBC6003EDA4C /* BOOMUITests */,
				B8F7E1491CCAFBC6003EDA4C /* Products */,
			);
			sourceTree = "<group>";
		};
		B8F7E1491CCAFBC6003EDA4C /* Products */ = {
			isa = PBXGroup;
			children = (
				B8F7E1481CCAFBC6003EDA4C /* BOOM.app */,
				B8F7E1611CCAFBC6003EDA4C /* BOOMTests.xctest */,
				B8F7E16C1CCAFBC6003EDA4C /* BOOMUITests.xctest */,
			);
			name = Products;
			sourceTree = "<group>";
		};
		B8F7E14A1CCAFBC6003EDA4C /* BOOM */ = {
			isa = PBXGroup;
			children = (
				B8F7E14E1CCAFBC6003EDA4C /* AppDelegate.h */,
				B8F7E14F1CCAFBC6003EDA4C /* AppDelegate.m */,
				B8F7E1511CCAFBC6003EDA4C /* ViewController.h */,
				B8F7E1521CCAFBC6003EDA4C /* ViewController.m */,
				B80CA6AE1CCCBCDD0034C0A1 /* HoloViewController.h */,
				B80CA6AF1CCCBCDD0034C0A1 /* HoloViewController.m */,
				B8F7E1541CCAFBC6003EDA4C /* Main.storyboard */,
				B8F7E1571CCAFBC6003EDA4C /* Assets.xcassets */,
				B8F7E1591CCAFBC6003EDA4C /* LaunchScreen.storyboard */,
				B8F7E15C1CCAFBC6003EDA4C /* Info.plist */,
				B8F7E14B1CCAFBC6003EDA4C /* Supporting Files */,
			);
			path = BOOM;
			sourceTree = "<group>";
		};
		B8F7E14B1CCAFBC6003EDA4C /* Supporting Files */ = {
			isa = PBXGroup;
			children = (
				B80CA6631CCC35D90034C0A1 /* map.png */,
				B80CA66B1CCC3BD50034C0A1 /* astro.png */,
				B80CA6A11CCCB50E0034C0A1 /* graphs */,
				B80CA6791CCC4B650034C0A1 /* contour */,
				B80CA66F1CCC3E3B0034C0A1 /* shapes.png */,
				B80CA6691CCC39E40034C0A1 /* transport.png */,
				B80CA6671CCC39840034C0A1 /* people.png */,
				B80CA6651CCC36450034C0A1 /* map2.png */,
				B8F7E1891CCB4DB6003EDA4C /* jet.png */,
				B8F7E1801CCB0F0A003EDA4C /* image.jpeg */,
				B80CA6981CCCAE050034C0A1 /* wav */,
				B8F7E14C1CCAFBC6003EDA4C /* main.m */,
			);
			name = "Supporting Files";
			sourceTree = "<group>";
		};
		B8F7E1641CCAFBC6003EDA4C /* BOOMTests */ = {
			isa = PBXGroup;
			children = (
				B8F7E1651CCAFBC6003EDA4C /* BOOMTests.m */,
				B8F7E1671CCAFBC6003EDA4C /* Info.plist */,
			);
			path = BOOMTests;
			sourceTree = "<group>";
		};
		B8F7E16F1CCAFBC6003EDA4C /* BOOMUITests */ = {
			isa = PBXGroup;
			children = (
				B8F7E1701CCAFBC6003EDA4C /* BOOMUITests.m */,
				B8F7E1721CCAFBC6003EDA4C /* Info.plist */,
			);
			path = BOOMUITests;
			sourceTree = "<group>";
		};
/* End PBXGroup section */

/* Begin PBXNativeTarget section */
		B8F7E1471CCAFBC6003EDA4C /* BOOM */ = {
			isa = PBXNativeTarget;
			buildConfigurationList = B8F7E1751CCAFBC6003EDA4C /* Build configuration list for PBXNativeTarget "BOOM" */;
			buildPhases = (
				B8F7E1441CCAFBC6003EDA4C /* Sources */,
				B8F7E1451CCAFBC6003EDA4C /* Frameworks */,
				B8F7E1461CCAFBC6003EDA4C /* Resources */,
			);
			buildRules = (
			);
			dependencies = (
			);
			name = BOOM;
			productName = BOOM;
			productReference = B8F7E1481CCAFBC6003EDA4C /* BOOM.app */;
			productType = "com.apple.product-type.application";
		};
		B8F7E1601CCAFBC6003EDA4C /* BOOMTests */ = {
			isa = PBXNativeTarget;
			buildConfigurationList = B8F7E1781CCAFBC6003EDA4C /* Build configuration list for PBXNativeTarget "BOOMTests" */;
			buildPhases = (
				B8F7E15D1CCAFBC6003EDA4C /* Sources */,
				B8F7E15E1CCAFBC6003EDA4C /* Frameworks */,
				B8F7E15F1CCAFBC6003EDA4C /* Resources */,
			);
			buildRules = (
			);
			dependencies = (
				B8F7E1631CCAFBC6003EDA4C /* PBXTargetDependency */,
			);
			name = BOOMTests;
			productName = BOOMTests;
			productReference = B8F7E1611CCAFBC6003EDA4C /* BOOMTests.xctest */;
			productType = "com.apple.product-type.bundle.unit-test";
		};
		B8F7E16B1CCAFBC6003EDA4C /* BOOMUITests */ = {
			isa = PBXNativeTarget;
			buildConfigurationList = B8F7E17B1CCAFBC6003EDA4C /* Build configuration list for PBXNativeTarget "BOOMUITests" */;
			buildPhases = (
				B8F7E1681CCAFBC6003EDA4C /* Sources */,
				B8F7E1691CCAFBC6003EDA4C /* Frameworks */,
				B8F7E16A1CCAFBC6003EDA4C /* Resources */,
			);
			buildRules = (
			);
			dependencies = (
				B8F7E16E1CCAFBC6003EDA4C /* PBXTargetDependency */,
			);
			name = BOOMUITests;
			productName = BOOMUITests;
			productReference = B8F7E16C1CCAFBC6003EDA4C /* BOOMUITests.xctest */;
			productType = "com.apple.product-type.bundle.ui-testing";
		};
/* End PBXNativeTarget section */

/* Begin PBXProject section */
		B8F7E1401CCAFBC6003EDA4C /* Project object */ = {
			isa = PBXProject;
			attributes = {
				LastUpgradeCheck = 0730;
				ORGANIZATIONNAME = "Maathusan Rajendram";
				TargetAttributes = {
					B8F7E1471CCAFBC6003EDA4C = {
						CreatedOnToolsVersion = 7.3;
						DevelopmentTeam = 839RWU9N23;
					};
					B8F7E1601CCAFBC6003EDA4C = {
						CreatedOnToolsVersion = 7.3;
						DevelopmentTeam = 839RWU9N23;
						TestTargetID = B8F7E1471CCAFBC6003EDA4C;
					};
					B8F7E16B1CCAFBC6003EDA4C = {
						CreatedOnToolsVersion = 7.3;
						DevelopmentTeam = 839RWU9N23;
						TestTargetID = B8F7E1471CCAFBC6003EDA4C;
					};
				};
			};
			buildConfigurationList = B8F7E1431CCAFBC6003EDA4C /* Build configuration list for PBXProject "BOOM" */;
			compatibilityVersion = "Xcode 3.2";
			developmentRegion = English;
			hasScannedForEncodings = 0;
			knownRegions = (
				en,
				Base,
			);
			mainGroup = B8F7E13F1CCAFBC6003EDA4C;
			productRefGroup = B8F7E1491CCAFBC6003EDA4C /* Products */;
			projectDirPath = "";
			projectRoot = "";
			targets = (
				B8F7E1471CCAFBC6003EDA4C /* BOOM */,
				B8F7E1601CCAFBC6003EDA4C /* BOOMTests */,
				B8F7E16B1CCAFBC6003EDA4C /* BOOMUITests */,
			);
		};
/* End PBXProject section */

/* Begin PBXResourcesBuildPhase section */
		B8F7E1461CCAFBC6003EDA4C /* Resources */ = {
			isa = PBXResourcesBuildPhase;
			buildActionMask = 2147483647;
			files = (
				B80CA6641CCC35D90034C0A1 /* map.png in Resources */,
				B80CA6951CCC4C760034C0A1 /* frame_2.gif in Resources */,
				B80CA69C1CCCAE130034C0A1 /* n1.wav in Resources */,
				B80CA6891CCC4C760034C0A1 /* frame_14.gif in Resources */,
				B80CA6901CCC4C760034C0A1 /* frame_7.gif in Resources */,
				B80CA68D1CCC4C760034C0A1 /* frame_10.gif in Resources */,
				B80CA6A51CCCB5AB0034C0A1 /* f1_graph.jpeg in Resources */,
				B80CA68A1CCC4C760034C0A1 /* frame_13.gif in Resources */,
				B8F7E1831CCB10A7003EDA4C /* f1.wav in Resources */,
				B80CA69E1CCCAE130034C0A1 /* n3.wav in Resources */,
				B80CA6661CCC36450034C0A1 /* map2.png in Resources */,
				B8F7E15B1CCAFBC6003EDA4C /* LaunchScreen.storyboard in Resources */,
				B80CA6941CCC4C760034C0A1 /* frame_3.gif in Resources */,
				B80CA66C1CCC3BD50034C0A1 /* astro.png in Resources */,
				B80CA6A91CCCB8ED0034C0A1 /* n1_graph.jpeg in Resources */,
				B80CA6961CCC4C760034C0A1 /* frame_1.gif in Resources */,
				B80CA68F1CCC4C760034C0A1 /* frame_8.gif in Resources */,
				B80CA6701CCC3E3B0034C0A1 /* shapes.png in Resources */,
				B80CA6681CCC39840034C0A1 /* people.png in Resources */,
				B80CA66A1CCC39E40034C0A1 /* transport.png in Resources */,
				B80CA6971CCC4C760034C0A1 /* frame_0.gif in Resources */,
				B80CA6AB1CCCB8FD0034C0A1 /* d1_graph.jpeg in Resources */,
				B8F7E1811CCB0F0A003EDA4C /* image.jpeg in Resources */,
				B80CA69D1CCCAE130034C0A1 /* n2.wav in Resources */,
				B8F7E1581CCAFBC6003EDA4C /* Assets.xcassets in Resources */,
				B80CA6A71CCCB8760034C0A1 /* n3_graph.jpg in Resources */,
				B80CA6A01CCCAE1C0034C0A1 /* d1.wav in Resources */,
				B80CA68C1CCC4C760034C0A1 /* frame_11.gif in Resources */,
				B80CA68B1CCC4C760034C0A1 /* frame_12.gif in Resources */,
				B8F7E1561CCAFBC6003EDA4C /* Main.storyboard in Resources */,
				B80CA68E1CCC4C760034C0A1 /* frame_9.gif in Resources */,
				B80CA6AD1CCCB90D0034C0A1 /* n2_graph.jpg in Resources */,
				B80CA6921CCC4C760034C0A1 /* frame_5.gif in Resources */,
				B80CA6931CCC4C760034C0A1 /* frame_4.gif in Resources */,
				B8F7E18A1CCB4DB6003EDA4C /* jet.png in Resources */,
				B80CA6911CCC4C760034C0A1 /* frame_6.gif in Resources */,
			);
			runOnlyForDeploymentPostprocessing = 0;
		};
		B8F7E15F1CCAFBC6003EDA4C /* Resources */ = {
			isa = PBXResourcesBuildPhase;
			buildActionMask = 2147483647;
			files = (
			);
			runOnlyForDeploymentPostprocessing = 0;
		};
		B8F7E16A1CCAFBC6003EDA4C /* Resources */ = {
			isa = PBXResourcesBuildPhase;
			buildActionMask = 2147483647;
			files = (
			);
			runOnlyForDeploymentPostprocessing = 0;
		};
/* End PBXResourcesBuildPhase section */

/* Begin PBXSourcesBuildPhase section */
		B8F7E1441CCAFBC6003EDA4C /* Sources */ = {
			isa = PBXSourcesBuildPhase;
			buildActionMask = 2147483647;
			files = (
				B80CA6B01CCCBCDD0034C0A1 /* HoloViewController.m in Sources */,
				B8F7E1531CCAFBC6003EDA4C /* ViewController.m in Sources */,
				B8F7E1501CCAFBC6003EDA4C /* AppDelegate.m in Sources */,
				B8F7E14D1CCAFBC6003EDA4C /* main.m in Sources */,
			);
			runOnlyForDeploymentPostprocessing = 0;
		};
		B8F7E15D1CCAFBC6003EDA4C /* Sources */ = {
			isa = PBXSourcesBuildPhase;
			buildActionMask = 2147483647;
			files = (
				B8F7E1661CCAFBC6003EDA4C /* BOOMTests.m in Sources */,
			);
			runOnlyForDeploymentPostprocessing = 0;
		};
		B8F7E1681CCAFBC6003EDA4C /* Sources */ = {
			isa = PBXSourcesBuildPhase;
			buildActionMask = 2147483647;
			files = (
				B8F7E1711CCAFBC6003EDA4C /* BOOMUITests.m in Sources */,
			);
			runOnlyForDeploymentPostprocessing = 0;
		};
/* End PBXSourcesBuildPhase section */

/* Begin PBXTargetDependency section */
		B8F7E1631CCAFBC6003EDA4C /* PBXTargetDependency */ = {
			isa = PBXTargetDependency;
			target = B8F7E1471CCAFBC6003EDA4C /* BOOM */;
			targetProxy = B8F7E1621CCAFBC6003EDA4C /* PBXContainerItemProxy */;
		};
		B8F7E16E1CCAFBC6003EDA4C /* PBXTargetDependency */ = {
			isa = PBXTargetDependency;
			target = B8F7E1471CCAFBC6003EDA4C /* BOOM */;
			targetProxy = B8F7E16D1CCAFBC6003EDA4C /* PBXContainerItemProxy */;
		};
/* End PBXTargetDependency section */

/* Begin PBXVariantGroup section */
		B8F7E1541CCAFBC6003EDA4C /* Main.storyboard */ = {
			isa = PBXVariantGroup;
			children = (
				B8F7E1551CCAFBC6003EDA4C /* Base */,
			);
			name = Main.storyboard;
			sourceTree = "<group>";
		};
		B8F7E1591CCAFBC6003EDA4C /* LaunchScreen.storyboard */ = {
			isa = PBXVariantGroup;
			children = (
				B8F7E15A1CCAFBC6003EDA4C /* Base */,
			);
			name = LaunchScreen.storyboard;
			sourceTree = "<group>";
		};
/* End PBXVariantGroup section */

/* Begin XCBuildConfiguration section */
		B8F7E1731CCAFBC6003EDA4C /* Debug */ = {
			isa = XCBuildConfiguration;
			buildSettings = {
				ALWAYS_SEARCH_USER_PATHS = NO;
				CLANG_ANALYZER_NONNULL = YES;
				CLANG_CXX_LANGUAGE_STANDARD = "gnu++0x";
				CLANG_CXX_LIBRARY = "libc++";
				CLANG_ENABLE_MODULES = YES;
				CLANG_ENABLE_OBJC_ARC = YES;
				CLANG_WARN_BOOL_CONVERSION = YES;
				CLANG_WARN_CONSTANT_CONVERSION = YES;
				CLANG_WARN_DIRECT_OBJC_ISA_USAGE = YES_ERROR;
				CLANG_WARN_EMPTY_BODY = YES;
				CLANG_WARN_ENUM_CONVERSION = YES;
				CLANG_WARN_INT_CONVERSION = YES;
				CLANG_WARN_OBJC_ROOT_CLASS = YES_ERROR;
				CLANG_WARN_UNREACHABLE_CODE = YES;
				CLANG_WARN__DUPLICATE_METHOD_MATCH = YES;
				"CODE_SIGN_IDENTITY[sdk=iphoneos*]" = "iPhone Developer";
				COPY_PHASE_STRIP = NO;
				DEBUG_INFORMATION_FORMAT = dwarf;
				ENABLE_STRICT_OBJC_MSGSEND = YES;
				ENABLE_TESTABILITY = YES;
				GCC_C_LANGUAGE_STANDARD = gnu99;
				GCC_DYNAMIC_NO_PIC = NO;
				GCC_NO_COMMON_BLOCKS = YES;
				GCC_OPTIMIZATION_LEVEL = 0;
				GCC_PREPROCESSOR_DEFINITIONS = (
					"DEBUG=1",
					"$(inherited)",
				);
				GCC_WARN_64_TO_32_BIT_CONVERSION = YES;
				GCC_WARN_ABOUT_RETURN_TYPE = YES_ERROR;
				GCC_WARN_UNDECLARED_SELECTOR = YES;
				GCC_WARN_UNINITIALIZED_AUTOS = YES_AGGRESSIVE;
				GCC_WARN_UNUSED_FUNCTION = YES;
				GCC_WARN_UNUSED_VARIABLE = YES;
				IPHONEOS_DEPLOYMENT_TARGET = 9.3;
				MTL_ENABLE_DEBUG_INFO = YES;
				ONLY_ACTIVE_ARCH = YES;
				SDKROOT = iphoneos;
				TARGETED_DEVICE_FAMILY = "1,2";
			};
			name = Debug;
		};
		B8F7E1741CCAFBC6003EDA4C /* Release */ = {
			isa = XCBuildConfiguration;
			buildSettings = {
				ALWAYS_SEARCH_USER_PATHS = NO;
				CLANG_ANALYZER_NONNULL = YES;
				CLANG_CXX_LANGUAGE_STANDARD = "gnu++0x";
				CLANG_CXX_LIBRARY = "libc++";
				CLANG_ENABLE_MODULES = YES;
				CLANG_ENABLE_OBJC_ARC = YES;
				CLANG_WARN_BOOL_CONVERSION = YES;
				CLANG_WARN_CONSTANT_CONVERSION = YES;
				CLANG_WARN_DIRECT_OBJC_ISA_USAGE = YES_ERROR;
				CLANG_WARN_EMPTY_BODY = YES;
				CLANG_WARN_ENUM_CONVERSION = YES;
				CLANG_WARN_INT_CONVERSION = YES;
				CLANG_WARN_OBJC_ROOT_CLASS = YES_ERROR;
				CLANG_WARN_UNREACHABLE_CODE = YES;
				CLANG_WARN__DUPLICATE_METHOD_MATCH = YES;
				"CODE_SIGN_IDENTITY[sdk=iphoneos*]" = "iPhone Developer";
				COPY_PHASE_STRIP = NO;
				DEBUG_INFORMATION_FORMAT = "dwarf-with-dsym";
				ENABLE_NS_ASSERTIONS = NO;
				ENABLE_STRICT_OBJC_MSGSEND = YES;
				GCC_C_LANGUAGE_STANDARD = gnu99;
				GCC_NO_COMMON_BLOCKS = YES;
				GCC_WARN_64_TO_32_BIT_CONVERSION = YES;
				GCC_WARN_ABOUT_RETURN_TYPE = YES_ERROR;
				GCC_WARN_UNDECLARED_SELECTOR = YES;
				GCC_WARN_UNINITIALIZED_AUTOS = YES_AGGRESSIVE;
				GCC_WARN_UNUSED_FUNCTION = YES;
				GCC_WARN_UNUSED_VARIABLE = YES;
				IPHONEOS_DEPLOYMENT_TARGET = 9.3;
				MTL_ENABLE_DEBUG_INFO = NO;
				SDKROOT = iphoneos;
				TARGETED_DEVICE_FAMILY = "1,2";
				VALIDATE_PRODUCT = YES;
			};
			name = Release;
		};
		B8F7E1761CCAFBC6003EDA4C /* Debug */ = {
			isa = XCBuildConfiguration;
			buildSettings = {
				ASSETCATALOG_COMPILER_APPICON_NAME = AppIcon;
				CODE_SIGN_IDENTITY = "iPhone Developer";
				"CODE_SIGN_IDENTITY[sdk=iphoneos*]" = "iPhone Developer";
				INFOPLIST_FILE = BOOM/Info.plist;
				IPHONEOS_DEPLOYMENT_TARGET = 9.2;
				LD_RUNPATH_SEARCH_PATHS = "$(inherited) @executable_path/Frameworks";
				PRODUCT_BUNDLE_IDENTIFIER = com.example.BOOM;
				PRODUCT_NAME = "$(TARGET_NAME)";
				PROVISIONING_PROFILE = "";
			};
			name = Debug;
		};
		B8F7E1771CCAFBC6003EDA4C /* Release */ = {
			isa = XCBuildConfiguration;
			buildSettings = {
				ASSETCATALOG_COMPILER_APPICON_NAME = AppIcon;
				CODE_SIGN_IDENTITY = "iPhone Developer";
				"CODE_SIGN_IDENTITY[sdk=iphoneos*]" = "iPhone Developer";
				INFOPLIST_FILE = BOOM/Info.plist;
				IPHONEOS_DEPLOYMENT_TARGET = 9.2;
				LD_RUNPATH_SEARCH_PATHS = "$(inherited) @executable_path/Frameworks";
				PRODUCT_BUNDLE_IDENTIFIER = com.example.BOOM;
				PRODUCT_NAME = "$(TARGET_NAME)";
				PROVISIONING_PROFILE = "";
			};
			name = Release;
		};
		B8F7E1791CCAFBC6003EDA4C /* Debug */ = {
			isa = XCBuildConfiguration;
			buildSettings = {
				BUNDLE_LOADER = "$(TEST_HOST)";
				INFOPLIST_FILE = BOOMTests/Info.plist;
				LD_RUNPATH_SEARCH_PATHS = "$(inherited) @executable_path/Frameworks @loader_path/Frameworks";
				PRODUCT_BUNDLE_IDENTIFIER = com.example.BOOMTests;
				PRODUCT_NAME = "$(TARGET_NAME)";
				TEST_HOST = "$(BUILT_PRODUCTS_DIR)/BOOM.app/BOOM";
			};
			name = Debug;
		};
		B8F7E17A1CCAFBC6003EDA4C /* Release */ = {
			isa = XCBuildConfiguration;
			buildSettings = {
				BUNDLE_LOADER = "$(TEST_HOST)";
				INFOPLIST_FILE = BOOMTests/Info.plist;
				LD_RUNPATH_SEARCH_PATHS = "$(inherited) @executable_path/Frameworks @loader_path/Frameworks";
				PRODUCT_BUNDLE_IDENTIFIER = com.example.BOOMTests;
				PRODUCT_NAME = "$(TARGET_NAME)";
				TEST_HOST = "$(BUILT_PRODUCTS_DIR)/BOOM.app/BOOM";
			};
			name = Release;
		};
		B8F7E17C1CCAFBC6003EDA4C /* Debug */ = {
			isa = XCBuildConfiguration;
			buildSettings = {
				INFOPLIST_FILE = BOOMUITests/Info.plist;
				LD_RUNPATH_SEARCH_PATHS = "$(inherited) @executable_path/Frameworks @loader_path/Frameworks";
				PRODUCT_BUNDLE_IDENTIFIER = com.example.BOOMUITests;
				PRODUCT_NAME = "$(TARGET_NAME)";
				TEST_TARGET_NAME = BOOM;
			};
			name = Debug;
		};
		B8F7E17D1CCAFBC6003EDA4C /* Release */ = {
			isa = XCBuildConfiguration;
			buildSettings = {
				INFOPLIST_FILE = BOOMUITests/Info.plist;
				LD_RUNPATH_SEARCH_PATHS = "$(inherited) @executable_path/Frameworks @loader_path/Frameworks";
				PRODUCT_BUNDLE_IDENTIFIER = com.example.BOOMUITests;
				PRODUCT_NAME = "$(TARGET_NAME)";
				TEST_TARGET_NAME = BOOM;
			};
			name = Release;
		};
/* End XCBuildConfiguration section */

/* Begin XCConfigurationList section */
		B8F7E1431CCAFBC6003EDA4C /* Build configuration list for PBXProject "BOOM" */ = {
			isa = XCConfigurationList;
			buildConfigurations = (
				B8F7E1731CCAFBC6003EDA4C /* Debug */,
				B8F7E1741CCAFBC6003EDA4C /* Release */,
			);
			defaultConfigurationIsVisible = 0;
			defaultConfigurationName = Release;
		};
		B8F7E1751CCAFBC6003EDA4C /* Build configuration list for PBXNativeTarget "BOOM" */ = {
			isa = XCConfigurationList;
			buildConfigurations = (
				B8F7E1761CCAFBC6003EDA4C /* Debug */,
				B8F7E1771CCAFBC6003EDA4C /* Release */,
			);
			defaultConfigurationIsVisible = 0;
			defaultConfigurationName = Release;
		};
		B8F7E1781CCAFBC6003EDA4C /* Build configuration list for PBXNativeTarget "BOOMTests" */ = {
			isa = XCConfigurationList;
			buildConfigurations = (
				B8F7E1791CCAFBC6003EDA4C /* Debug */,
				B8F7E17A1CCAFBC6003EDA4C /* Release */,
			);
			defaultConfigurationIsVisible = 0;
			defaultConfigurationName = Release;
		};
		B8F7E17B1CCAFBC6003EDA4C /* Build configuration list for PBXNativeTarget "BOOMUITests" */ = {
			isa = XCConfigurationList;
			buildConfigurations = (
				B8F7E17C1CCAFBC6003EDA4C /* Debug */,
				B8F7E17D1CCAFBC6003EDA4C /* Release */,
			);
			defaultConfigurationIsVisible = 0;
			defaultConfigurationName = Release;
		};
/* End XCConfigurationList section */
	};
	rootObject = B8F7E1401CCAFBC6003EDA4C /* Project object */;
}
